
Microsoft Visual Studio Solution File, Format Version 12.00
# Visual Studio 15
VisualStudioVersion = 15.0.27428.2015
MinimumVisualStudioVersion = 10.0.40219.1
Project("{FAE04EC0-301F-11D3-BF4B-00C04F79EFBC}") = "JC_Family(demo)", "JC_Family(demo)\JC_Family(demo).csproj", "{42E5B282-503C-407F-8C71-C6A4143C0D4C}"
EndProject
Project("{FAE04EC0-301F-11D3-BF4B-00C04F79EFBC}") = "JC_Family(demo).Tests", "JC_Family(demo).Tests\JC_Family(demo).Tests.csproj", "{BF0A4A60-9B55-4EB9-A766-F75E0F1CFF1B}"
EndProject
Global
	GlobalSection(SolutionConfigurationPlatforms) = preSolution
		Debug|Any CPU = Debug|Any CPU
		Release|Any CPU = Release|Any CPU
	EndGlobalSection
	GlobalSection(ProjectConfigurationPlatforms) = postSolution
		{42E5B282-503C-407F-8C71-C6A4143C0D4C}.Debug|Any CPU.ActiveCfg = Debug|Any CPU
		{42E5B282-503C-407F-8C71-C6A4143C0D4C}.Debug|Any CPU.Build.0 = Debug|Any CPU
		{42E5B282-503C-407F-8C71-C6A4143C0D4C}.Release|Any CPU.ActiveCfg = Release|Any CPU
		{42E5B282-503C-407F-8C71-C6A4143C0D4C}.Release|Any CPU.Build.0 = Release|Any CPU
		{BF0A4A60-9B55-4EB9-A766-F75E0F1CFF1B}.Debug|Any CPU.ActiveCfg = Debug|Any CPU
		{BF0A4A60-9B55-4EB9-A766-F75E0F1CFF1B}.Debug|Any CPU.Build.0 = Debug|Any CPU
		{BF0A4A60-9B55-4EB9-A766-F75E0F1CFF1B}.Release|Any CPU.ActiveCfg = Release|Any CPU
		{BF0A4A60-9B55-4EB9-A766-F75E0F1CFF1B}.Release|Any CPU.Build.0 = Release|Any CPU
	EndGlobalSection
	GlobalSection(SolutionProperties) = preSolution
		HideSolutionNode = FALSE
	EndGlobalSection
	GlobalSection(ExtensibilityGlobals) = postSolution
		SolutionGuid = {996F813A-BF05-4F18-BF09-33CF122DB009}
	EndGlobalSection
EndGlobal
